PODS:
  - MHTabView (1.3.1):
    - SnapKit
  - SnapKit (5.0.1)

DEPENDENCIES:
  - MHTabView (from `../`)

SPEC REPOS:
  trunk:
    - SnapKit

EXTERNAL SOURCES:
  MHTabView:
    :path: "../"

SPEC CHECKSUMS:
  MHTabView: a22ccaf3e573f539869edac6832d1565b03ee63f
  SnapKit: 97b92857e3df3a0c71833cce143274bf6ef8e5eb

PODFILE CHECKSUM: b9deaf34b3470eee0ee7f71f6f8d780002f66a99

COCOAPODS: 1.10.0
