PODS:
  - MHTabView (1.0.2):
    - SnapKit
  - SnapKit (4.2.0)

DEPENDENCIES:
  - MHTabView (from `../`)

SPEC REPOS:
  trunk:
    - SnapKit

EXTERNAL SOURCES:
  MHTabView:
    :path: "../"

SPEC CHECKSUMS:
  MHTabView: e8730c8e71fd791165926754088550ddcdef6ac0
  SnapKit: fe8a619752f3f27075cc9a90244d75c6c3f27e2a

PODFILE CHECKSUM: b9deaf34b3470eee0ee7f71f6f8d780002f66a99

COCOAPODS: 1.9.1
